
Microsoft Visual Studio Solution File, Format Version 12.00
Project("{FAE04EC0-301F-11D3-BF4B-00C04F79EFBC}") = "MatchUpBot", "MatchUpBot\MatchUpBot.csproj", "{D48AC7BF-7F46-448C-B878-005B7A1994DD}"
EndProject
Global
	GlobalSection(SolutionConfigurationPlatforms) = preSolution
		Debug|Any CPU = Debug|Any CPU
		Release|Any CPU = Release|Any CPU
	EndGlobalSection
	GlobalSection(ProjectConfigurationPlatforms) = postSolution
		{D48AC7BF-7F46-448C-B878-005B7A1994DD}.Debug|Any CPU.ActiveCfg = Debug|Any CPU
		{D48AC7BF-7F46-448C-B878-005B7A1994DD}.Debug|Any CPU.Build.0 = Debug|Any CPU
		{D48AC7BF-7F46-448C-B878-005B7A1994DD}.Release|Any CPU.ActiveCfg = Release|Any CPU
		{D48AC7BF-7F46-448C-B878-005B7A1994DD}.Release|Any CPU.Build.0 = Release|Any CPU
	EndGlobalSection
EndGlobal
